lockVersion: 2.0.0
id: 8bd6d3b6-cae6-4e55-b72f-6fdc1dbce9a1
management:
  docChecksum: 4a28bceb165adf1c1dd97bbc8fe41a27
  docVersion: v0.5.0
  speakeasyVersion: 1.401.2
  generationVersion: 2.421.3
  releaseVersion: 0.3.4
  configChecksum: 2f966a11db44fc8cc16835f471c700a8
  repoURL: https://github.com/livepeer/livepeer-ai-js.git
  installationURL: https://github.com/livepeer/livepeer-ai-js
  published: true
features:
  typescript:
    additionalDependencies: 0.1.0
    constsAndDefaults: 0.1.11
    core: 3.17.6
    defaultEnabledRetries: 0.1.0
    envVarSecurityUsage: 0.1.1
    globalSecurity: 2.82.11
    globalSecurityCallbacks: 0.1.0
    globalSecurityFlattening: 0.1.0
    globalServerURLs: 2.82.4
    nameOverrides: 2.81.2
    responseFormat: 0.2.3
    retries: 2.83.0
    sdkHooks: 0.1.0
    unions: 2.85.7
    uploadStreams: 0.1.0
generatedFiles:
  - .eslintrc.cjs
  - .gitattributes
  - .npmignore
  - FUNCTIONS.md
  - RUNTIMES.md
  - USAGE.md
  - docs/lib/utils/retryconfig.md
  - docs/models/components/apierror.md
  - docs/models/components/audio.md
  - docs/models/components/bodygenaudiototext.md
  - docs/models/components/bodygenimagetoimage.md
  - docs/models/components/bodygenimagetovideo.md
  - docs/models/components/bodygenimagetovideoimage.md
  - docs/models/components/bodygensegmentanything2.md
  - docs/models/components/bodygensegmentanything2image.md
  - docs/models/components/bodygenupscale.md
  - docs/models/components/bodygenupscaleimage.md
  - docs/models/components/chunk.md
  - docs/models/components/image.md
  - docs/models/components/imageresponse.md
  - docs/models/components/loc.md
  - docs/models/components/masksresponse.md
  - docs/models/components/media.md
  - docs/models/components/security.md
  - docs/models/components/textresponse.md
  - docs/models/components/texttoimageparams.md
  - docs/models/components/validationerror.md
  - docs/models/components/videoresponse.md
  - docs/models/errors/httperror.md
  - docs/models/errors/httpvalidationerror.md
  - docs/models/operations/genaudiototextresponse.md
  - docs/models/operations/genimagetoimageresponse.md
  - docs/models/operations/genimagetovideoresponse.md
  - docs/models/operations/gensegmentanything2response.md
  - docs/models/operations/gentexttoimageresponse.md
  - docs/models/operations/genupscaleresponse.md
  - docs/sdks/generate/README.md
  - docs/sdks/livepeer/README.md
  - jsr.json
  - package.json
  - src/core.ts
  - src/funcs/generateAudioToText.ts
  - src/funcs/generateImageToImage.ts
  - src/funcs/generateImageToVideo.ts
  - src/funcs/generateSegmentAnything2.ts
  - src/funcs/generateTextToImage.ts
  - src/funcs/generateUpscale.ts
  - src/hooks/hooks.ts
  - src/hooks/index.ts
  - src/hooks/types.ts
  - src/index.ts
  - src/lib/base64.ts
  - src/lib/config.ts
  - src/lib/dlv.ts
  - src/lib/encodings.ts
  - src/lib/files.ts
  - src/lib/http.ts
  - src/lib/is-plain-object.ts
  - src/lib/logger.ts
  - src/lib/matchers.ts
  - src/lib/primitives.ts
  - src/lib/retries.ts
  - src/lib/schemas.ts
  - src/lib/sdks.ts
  - src/lib/security.ts
  - src/lib/url.ts
  - src/models/components/apierror.ts
  - src/models/components/bodygenaudiototext.ts
  - src/models/components/bodygenimagetoimage.ts
  - src/models/components/bodygenimagetovideo.ts
  - src/models/components/bodygensegmentanything2.ts
  - src/models/components/bodygenupscale.ts
  - src/models/components/chunk.ts
  - src/models/components/imageresponse.ts
  - src/models/components/index.ts
  - src/models/components/masksresponse.ts
  - src/models/components/media.ts
  - src/models/components/security.ts
  - src/models/components/textresponse.ts
  - src/models/components/texttoimageparams.ts
  - src/models/components/validationerror.ts
  - src/models/components/videoresponse.ts
  - src/models/errors/httpclienterrors.ts
  - src/models/errors/httperror.ts
  - src/models/errors/httpvalidationerror.ts
  - src/models/errors/index.ts
  - src/models/errors/sdkerror.ts
  - src/models/errors/sdkvalidationerror.ts
  - src/models/operations/genaudiototext.ts
  - src/models/operations/genimagetoimage.ts
  - src/models/operations/genimagetovideo.ts
  - src/models/operations/gensegmentanything2.ts
  - src/models/operations/gentexttoimage.ts
  - src/models/operations/genupscale.ts
  - src/models/operations/index.ts
  - src/sdk/generate.ts
  - src/sdk/index.ts
  - src/sdk/sdk.ts
  - src/types/blobs.ts
  - src/types/constdatetime.ts
  - src/types/enums.ts
  - src/types/fp.ts
  - src/types/index.ts
  - src/types/operations.ts
  - src/types/rfcdate.ts
  - src/types/streams.ts
  - tsconfig.json
examples:
  genTextToImage:
    speakeasy-default-gen-text-to-image:
      requestBody:
        application/json: {"prompt": "<value>"}
      responses:
        "200":
          application/json: {"images": []}
        "400":
          application/json: {"detail": {"msg": "<value>"}}
        "422": {}
  genImageToImage:
    speakeasy-default-gen-image-to-image:
      requestBody:
        multipart/form-data: {"prompt": "<value>", "image": {}}
      responses:
        "200":
          application/json: {"images": []}
        "400":
          application/json: {"detail": {"msg": "<value>"}}
        "422": {}
  genImageToVideo:
    speakeasy-default-gen-image-to-video:
      requestBody:
        multipart/form-data: {"image": {}}
      responses:
        "200":
          application/json: {"images": []}
        "400":
          application/json: {"detail": {"msg": "<value>"}}
        "422": {}
  genUpscale:
    speakeasy-default-gen-upscale:
      requestBody:
        multipart/form-data: {"prompt": "<value>", "image": {}}
      responses:
        "200":
          application/json: {"images": []}
        "400":
          application/json: {"detail": {"msg": "<value>"}}
        "422": {}
  genAudioToText:
    speakeasy-default-gen-audio-to-text:
      requestBody:
        multipart/form-data: {"audio": {}}
      responses:
        "200":
          application/json: {"text": "<value>", "chunks": []}
        "400":
          application/json: {"detail": {"msg": "<value>"}}
        "422": {}
  genSegmentAnything2:
    speakeasy-default-gen-segment-anything2:
      requestBody:
        multipart/form-data: {"image": {}}
      responses:
        "200":
          application/json: {"masks": "<value>", "scores": "<value>", "logits": "<value>"}
        "400":
          application/json: {"detail": {"msg": "<value>"}}
        "422": {}
