lockVersion: 2.0.0
id: 8bd6d3b6-cae6-4e55-b72f-6fdc1dbce9a1
management:
  docChecksum: 28f323b6b1fd018dc3f78ab73e1cb6f8
  docVersion: 0.0.0
  speakeasyVersion: 1.498.1
  generationVersion: 2.518.1
  releaseVersion: 0.7.0
  configChecksum: 787dbd457ca62ee21fbd486a5151114e
  repoURL: https://github.com/livepeer/livepeer-ai-js.git
  installationURL: https://github.com/livepeer/livepeer-ai-js
  published: true
features:
  typescript:
    additionalDependencies: 0.1.0
    constsAndDefaults: 0.1.11
    core: 3.20.0
    defaultEnabledRetries: 0.1.0
    envVarSecurityUsage: 0.1.2
    flattening: 2.82.1
    globalSecurity: 2.82.13
    globalSecurityCallbacks: 0.1.0
    globalSecurityFlattening: 0.1.0
    globalServerURLs: 2.82.4
    nameOverrides: 2.81.2
    responseFormat: 0.2.3
    retries: 2.83.0
    sdkHooks: 0.2.0
    unions: 2.85.8
    uploadStreams: 0.1.0
generatedFiles:
  - .gitattributes
  - .npmignore
  - FUNCTIONS.md
  - RUNTIMES.md
  - USAGE.md
  - docs/lib/utils/retryconfig.md
  - docs/models/components/apierror.md
  - docs/models/components/audio.md
  - docs/models/components/audioresponse.md
  - docs/models/components/bodygenaudiototext.md
  - docs/models/components/bodygenimagetoimage.md
  - docs/models/components/bodygenimagetotext.md
  - docs/models/components/bodygenimagetotextimage.md
  - docs/models/components/bodygenimagetovideo.md
  - docs/models/components/bodygenimagetovideoimage.md
  - docs/models/components/bodygensegmentanything2.md
  - docs/models/components/bodygensegmentanything2image.md
  - docs/models/components/bodygenupscale.md
  - docs/models/components/bodygenupscaleimage.md
  - docs/models/components/chunk.md
  - docs/models/components/image.md
  - docs/models/components/imageresponse.md
  - docs/models/components/imagetotextresponse.md
  - docs/models/components/livevideotovideoparams.md
  - docs/models/components/livevideotovideoresponse.md
  - docs/models/components/llmchoice.md
  - docs/models/components/llmmessage.md
  - docs/models/components/llmrequest.md
  - docs/models/components/llmresponse.md
  - docs/models/components/llmtokenusage.md
  - docs/models/components/loc.md
  - docs/models/components/masksresponse.md
  - docs/models/components/media.md
  - docs/models/components/mediaurl.md
  - docs/models/components/params.md
  - docs/models/components/security.md
  - docs/models/components/textresponse.md
  - docs/models/components/texttoimageparams.md
  - docs/models/components/texttospeechparams.md
  - docs/models/components/validationerror.md
  - docs/models/components/videoresponse.md
  - docs/models/errors/httperror.md
  - docs/models/errors/httpvalidationerror.md
  - docs/models/operations/genaudiototextresponse.md
  - docs/models/operations/genimagetoimageresponse.md
  - docs/models/operations/genimagetotextresponse.md
  - docs/models/operations/genimagetovideoresponse.md
  - docs/models/operations/genlivevideotovideorequest.md
  - docs/models/operations/genlivevideotovideoresponse.md
  - docs/models/operations/genllmresponse.md
  - docs/models/operations/gensegmentanything2response.md
  - docs/models/operations/gentexttoimageresponse.md
  - docs/models/operations/gentexttospeechresponse.md
  - docs/models/operations/genupscaleresponse.md
  - docs/sdks/generate/README.md
  - docs/sdks/livepeer/README.md
  - eslint.config.mjs
  - jsr.json
  - package.json
  - src/core.ts
  - src/funcs/generateAudioToText.ts
  - src/funcs/generateImageToImage.ts
  - src/funcs/generateImageToText.ts
  - src/funcs/generateImageToVideo.ts
  - src/funcs/generateLiveVideoToVideo.ts
  - src/funcs/generateLlm.ts
  - src/funcs/generateSegmentAnything2.ts
  - src/funcs/generateTextToImage.ts
  - src/funcs/generateTextToSpeech.ts
  - src/funcs/generateUpscale.ts
  - src/hooks/hooks.ts
  - src/hooks/index.ts
  - src/hooks/types.ts
  - src/index.ts
  - src/lib/base64.ts
  - src/lib/config.ts
  - src/lib/dlv.ts
  - src/lib/encodings.ts
  - src/lib/files.ts
  - src/lib/http.ts
  - src/lib/is-plain-object.ts
  - src/lib/logger.ts
  - src/lib/matchers.ts
  - src/lib/primitives.ts
  - src/lib/retries.ts
  - src/lib/schemas.ts
  - src/lib/sdks.ts
  - src/lib/security.ts
  - src/lib/url.ts
  - src/models/components/apierror.ts
  - src/models/components/audioresponse.ts
  - src/models/components/bodygenaudiototext.ts
  - src/models/components/bodygenimagetoimage.ts
  - src/models/components/bodygenimagetotext.ts
  - src/models/components/bodygenimagetovideo.ts
  - src/models/components/bodygensegmentanything2.ts
  - src/models/components/bodygenupscale.ts
  - src/models/components/chunk.ts
  - src/models/components/imageresponse.ts
  - src/models/components/imagetotextresponse.ts
  - src/models/components/index.ts
  - src/models/components/livevideotovideoparams.ts
  - src/models/components/livevideotovideoresponse.ts
  - src/models/components/llmchoice.ts
  - src/models/components/llmmessage.ts
  - src/models/components/llmrequest.ts
  - src/models/components/llmresponse.ts
  - src/models/components/llmtokenusage.ts
  - src/models/components/masksresponse.ts
  - src/models/components/media.ts
  - src/models/components/mediaurl.ts
  - src/models/components/security.ts
  - src/models/components/textresponse.ts
  - src/models/components/texttoimageparams.ts
  - src/models/components/texttospeechparams.ts
  - src/models/components/validationerror.ts
  - src/models/components/videoresponse.ts
  - src/models/errors/httpclienterrors.ts
  - src/models/errors/httperror.ts
  - src/models/errors/httpvalidationerror.ts
  - src/models/errors/index.ts
  - src/models/errors/sdkerror.ts
  - src/models/errors/sdkvalidationerror.ts
  - src/models/operations/genaudiototext.ts
  - src/models/operations/genimagetoimage.ts
  - src/models/operations/genimagetotext.ts
  - src/models/operations/genimagetovideo.ts
  - src/models/operations/genlivevideotovideo.ts
  - src/models/operations/genllm.ts
  - src/models/operations/gensegmentanything2.ts
  - src/models/operations/gentexttoimage.ts
  - src/models/operations/gentexttospeech.ts
  - src/models/operations/genupscale.ts
  - src/models/operations/index.ts
  - src/sdk/generate.ts
  - src/sdk/index.ts
  - src/sdk/sdk.ts
  - src/types/async.ts
  - src/types/blobs.ts
  - src/types/constdatetime.ts
  - src/types/enums.ts
  - src/types/fp.ts
  - src/types/index.ts
  - src/types/operations.ts
  - src/types/rfcdate.ts
  - src/types/streams.ts
  - tsconfig.json
examples:
  genTextToImage:
    speakeasy-default-gen-text-to-image:
      requestBody:
        application/json: {"model_id": "", "loras": "", "prompt": "<value>", "height": 576, "width": 1024, "guidance_scale": 7.5, "negative_prompt": "", "safety_check": true, "num_inference_steps": 50, "num_images_per_prompt": 1}
      responses:
        "200":
          application/json: {"images": [{"url": "https://hateful-cruelty.name", "seed": 857392, "nsfw": true}]}
        "400":
          application/json: {"detail": {"msg": "<value>"}}
        "422":
          application/json: {}
        "500":
          application/json: {"detail": {"msg": "<value>"}}
  genImageToImage:
    speakeasy-default-gen-image-to-image:
      requestBody:
        multipart/form-data: {"prompt": "<value>", "image": {"": "x-file: example.file"}, "model_id": "", "loras": "", "strength": 0.8, "guidance_scale": 7.5, "image_guidance_scale": 1.5, "negative_prompt": "", "safety_check": true, "num_inference_steps": 100, "num_images_per_prompt": 1}
      responses:
        "200":
          application/json: {"images": [{"url": "https://selfish-operating.name/", "seed": 976514, "nsfw": false}]}
        "400":
          application/json: {"detail": {"msg": "<value>"}}
        "422":
          application/json: {}
        "500":
          application/json: {"detail": {"msg": "<value>"}}
  genImageToVideo:
    speakeasy-default-gen-image-to-video:
      requestBody:
        multipart/form-data: {"image": {"": "x-file: example.file"}, "model_id": "", "height": 576, "width": 1024, "fps": 6, "motion_bucket_id": 127, "noise_aug_strength": 0.02, "safety_check": true, "num_inference_steps": 25}
      responses:
        "200":
          application/json: {"images": [{"url": "https://low-handover.name/", "seed": 87160, "nsfw": true}]}
        "400":
          application/json: {"detail": {"msg": "<value>"}}
        "422":
          application/json: {}
        "500":
          application/json: {"detail": {"msg": "<value>"}}
  genUpscale:
    speakeasy-default-gen-upscale:
      requestBody:
        multipart/form-data: {"prompt": "<value>", "image": {"": "x-file: example.file"}, "model_id": "", "safety_check": true, "num_inference_steps": 75}
      responses:
        "200":
          application/json: {"images": [{"url": "https://bogus-typewriter.net", "seed": 311567, "nsfw": false}]}
        "400":
          application/json: {"detail": {"msg": "<value>"}}
        "422":
          application/json: {}
        "500":
          application/json: {"detail": {"msg": "<value>"}}
  genAudioToText:
    speakeasy-default-gen-audio-to-text:
      requestBody:
        multipart/form-data: {"audio": {"": "x-file: example.file"}, "model_id": "", "return_timestamps": "true"}
      responses:
        "200":
          application/json: {"text": "<value>", "chunks": [{"timestamp": ["<value>", "<value>"], "text": "<value>"}, {"timestamp": [], "text": "<value>"}]}
        "400":
          application/json: {"detail": {"msg": "<value>"}}
        "422":
          application/json: {}
        "500":
          application/json: {"detail": {"msg": "<value>"}}
  genSegmentAnything2:
    speakeasy-default-gen-segment-anything2:
      requestBody:
        multipart/form-data: {"image": {"": "x-file: example.file"}, "model_id": "", "multimask_output": true, "return_logits": true, "normalize_coords": true}
      responses:
        "200":
          application/json: {"masks": "<value>", "scores": "<value>", "logits": "<value>"}
        "400":
          application/json: {"detail": {"msg": "<value>"}}
        "422":
          application/json: {}
        "500":
          application/json: {"detail": {"msg": "<value>"}}
  genLLM:
    speakeasy-default-gen-LLM:
      requestBody:
        application/json: {"messages": [], "model": "", "temperature": 0.7, "max_tokens": 256, "top_p": 1, "top_k": -1, "stream": false}
      responses:
        "200":
          application/json: {"id": "<id>", "model": "Expedition", "created": 755586, "usage": {"prompt_tokens": 348799, "completion_tokens": 332397, "total_tokens": 528534}, "choices": []}
        "400":
          application/json: {"detail": {"msg": "<value>"}}
        "422":
          application/json: {}
        "500":
          application/json: {"detail": {"msg": "<value>"}}
  genImageToText:
    speakeasy-default-gen-image-to-text:
      requestBody:
        multipart/form-data: {"image": {"": "x-file: example.file"}, "prompt": "", "model_id": ""}
      responses:
        "200":
          application/json: {"text": "<value>"}
        "400":
          application/json: {"detail": {"msg": "<value>"}}
        "422":
          application/json: {}
        "500":
          application/json: {"detail": {"msg": "<value>"}}
  genLiveVideoToVideo:
    speakeasy-default-gen-live-video-to-video:
      requestBody:
        application/json: {"subscribe_url": "https://soulful-lava.org/", "publish_url": "https://vain-tabletop.biz", "control_url": "", "events_url": "", "model_id": ""}
      responses:
        "200":
          application/json: {"subscribe_url": "https://vain-kiss.name", "publish_url": "https://frail-duffel.com", "control_url": "", "events_url": ""}
        "400":
          application/json: {"detail": {"msg": "<value>"}}
        "422":
          application/json: {}
        "500":
          application/json: {"detail": {"msg": "<value>"}}
  genTextToSpeech:
    speakeasy-default-gen-text-to-speech:
      requestBody:
        application/json: {"model_id": "", "text": "", "description": "A male speaker delivers a slightly expressive and animated speech with a moderate speed and pitch."}
      responses:
        "200":
          application/json: {"audio": {"url": "https://accurate-parsnip.net/"}}
        "400":
          application/json: {"detail": {"msg": "<value>"}}
        "422":
          application/json: {}
        "500":
          application/json: {"detail": {"msg": "<value>"}}
examplesVersion: 1.0.0
generatedTests: {}
