lockVersion: 2.0.0
id: 8bd6d3b6-cae6-4e55-b72f-6fdc1dbce9a1
management:
  docChecksum: 5162ce13f49e729b6efa20dd5cdf32be
  docVersion: 0.0.0
  speakeasyVersion: 1.460.3
  generationVersion: 2.484.0
  releaseVersion: 0.6.1
  configChecksum: 3f7609e2eb7caeb1f44841b4805ed0c4
  repoURL: https://github.com/livepeer/livepeer-ai-js.git
  installationURL: https://github.com/livepeer/livepeer-ai-js
  published: true
features:
  typescript:
    additionalDependencies: 0.1.0
    constsAndDefaults: 0.1.11
    core: 3.18.12
    defaultEnabledRetries: 0.1.0
    envVarSecurityUsage: 0.1.2
    globalSecurity: 2.82.12
    globalSecurityCallbacks: 0.1.0
    globalSecurityFlattening: 0.1.0
    globalServerURLs: 2.82.4
    nameOverrides: 2.81.2
    responseFormat: 0.2.3
    retries: 2.83.0
    sdkHooks: 0.2.0
    unions: 2.85.8
    uploadStreams: 0.1.0
generatedFiles:
  - .eslintrc.cjs
  - .gitattributes
  - .npmignore
  - FUNCTIONS.md
  - RUNTIMES.md
  - USAGE.md
  - docs/lib/utils/retryconfig.md
  - docs/models/components/apierror.md
  - docs/models/components/audio.md
  - docs/models/components/audioresponse.md
  - docs/models/components/bodygenaudiototext.md
  - docs/models/components/bodygenimagetoimage.md
  - docs/models/components/bodygenimagetotext.md
  - docs/models/components/bodygenimagetotextimage.md
  - docs/models/components/bodygenimagetovideo.md
  - docs/models/components/bodygenimagetovideoimage.md
  - docs/models/components/bodygensegmentanything2.md
  - docs/models/components/bodygensegmentanything2image.md
  - docs/models/components/bodygenupscale.md
  - docs/models/components/bodygenupscaleimage.md
  - docs/models/components/chunk.md
  - docs/models/components/image.md
  - docs/models/components/imageresponse.md
  - docs/models/components/imagetotextresponse.md
  - docs/models/components/livevideotovideoparams.md
  - docs/models/components/livevideotovideoresponse.md
  - docs/models/components/llmmessage.md
  - docs/models/components/llmrequest.md
  - docs/models/components/llmresponse.md
  - docs/models/components/loc.md
  - docs/models/components/masksresponse.md
  - docs/models/components/media.md
  - docs/models/components/mediaurl.md
  - docs/models/components/params.md
  - docs/models/components/security.md
  - docs/models/components/textresponse.md
  - docs/models/components/texttoimageparams.md
  - docs/models/components/texttospeechparams.md
  - docs/models/components/validationerror.md
  - docs/models/components/videoresponse.md
  - docs/models/errors/httperror.md
  - docs/models/errors/httpvalidationerror.md
  - docs/models/operations/genaudiototextresponse.md
  - docs/models/operations/genimagetoimageresponse.md
  - docs/models/operations/genimagetotextresponse.md
  - docs/models/operations/genimagetovideoresponse.md
  - docs/models/operations/genlivevideotovideoresponse.md
  - docs/models/operations/genllmresponse.md
  - docs/models/operations/gensegmentanything2response.md
  - docs/models/operations/gentexttoimageresponse.md
  - docs/models/operations/gentexttospeechresponse.md
  - docs/models/operations/genupscaleresponse.md
  - docs/sdks/generate/README.md
  - docs/sdks/livepeer/README.md
  - jsr.json
  - package.json
  - src/core.ts
  - src/funcs/generateAudioToText.ts
  - src/funcs/generateImageToImage.ts
  - src/funcs/generateImageToText.ts
  - src/funcs/generateImageToVideo.ts
  - src/funcs/generateLiveVideoToVideo.ts
  - src/funcs/generateLlm.ts
  - src/funcs/generateSegmentAnything2.ts
  - src/funcs/generateTextToImage.ts
  - src/funcs/generateTextToSpeech.ts
  - src/funcs/generateUpscale.ts
  - src/hooks/hooks.ts
  - src/hooks/index.ts
  - src/hooks/types.ts
  - src/index.ts
  - src/lib/base64.ts
  - src/lib/config.ts
  - src/lib/dlv.ts
  - src/lib/encodings.ts
  - src/lib/files.ts
  - src/lib/http.ts
  - src/lib/is-plain-object.ts
  - src/lib/logger.ts
  - src/lib/matchers.ts
  - src/lib/primitives.ts
  - src/lib/retries.ts
  - src/lib/schemas.ts
  - src/lib/sdks.ts
  - src/lib/security.ts
  - src/lib/url.ts
  - src/models/components/apierror.ts
  - src/models/components/audioresponse.ts
  - src/models/components/bodygenaudiototext.ts
  - src/models/components/bodygenimagetoimage.ts
  - src/models/components/bodygenimagetotext.ts
  - src/models/components/bodygenimagetovideo.ts
  - src/models/components/bodygensegmentanything2.ts
  - src/models/components/bodygenupscale.ts
  - src/models/components/chunk.ts
  - src/models/components/imageresponse.ts
  - src/models/components/imagetotextresponse.ts
  - src/models/components/index.ts
  - src/models/components/livevideotovideoparams.ts
  - src/models/components/livevideotovideoresponse.ts
  - src/models/components/llmmessage.ts
  - src/models/components/llmrequest.ts
  - src/models/components/llmresponse.ts
  - src/models/components/masksresponse.ts
  - src/models/components/media.ts
  - src/models/components/mediaurl.ts
  - src/models/components/security.ts
  - src/models/components/textresponse.ts
  - src/models/components/texttoimageparams.ts
  - src/models/components/texttospeechparams.ts
  - src/models/components/validationerror.ts
  - src/models/components/videoresponse.ts
  - src/models/errors/httpclienterrors.ts
  - src/models/errors/httperror.ts
  - src/models/errors/httpvalidationerror.ts
  - src/models/errors/index.ts
  - src/models/errors/sdkerror.ts
  - src/models/errors/sdkvalidationerror.ts
  - src/models/operations/genaudiototext.ts
  - src/models/operations/genimagetoimage.ts
  - src/models/operations/genimagetotext.ts
  - src/models/operations/genimagetovideo.ts
  - src/models/operations/genlivevideotovideo.ts
  - src/models/operations/genllm.ts
  - src/models/operations/gensegmentanything2.ts
  - src/models/operations/gentexttoimage.ts
  - src/models/operations/gentexttospeech.ts
  - src/models/operations/genupscale.ts
  - src/models/operations/index.ts
  - src/sdk/generate.ts
  - src/sdk/index.ts
  - src/sdk/sdk.ts
  - src/types/blobs.ts
  - src/types/constdatetime.ts
  - src/types/enums.ts
  - src/types/fp.ts
  - src/types/index.ts
  - src/types/operations.ts
  - src/types/rfcdate.ts
  - src/types/streams.ts
  - tsconfig.json
examples:
  genTextToImage:
    speakeasy-default-gen-text-to-image:
      requestBody:
        application/json: {"prompt": "<value>"}
      responses:
        "200":
          application/json: {"images": []}
        "400":
          application/json: {"detail": {"msg": "<value>"}}
        "422":
          application/json: {}
  genImageToImage:
    speakeasy-default-gen-image-to-image:
      requestBody:
        multipart/form-data: {"prompt": "<value>", "image": {}}
      responses:
        "200":
          application/json: {"images": []}
        "400":
          application/json: {"detail": {"msg": "<value>"}}
        "422":
          application/json: {}
  genImageToVideo:
    speakeasy-default-gen-image-to-video:
      requestBody:
        multipart/form-data: {"image": {}}
      responses:
        "200":
          application/json: {"images": []}
        "400":
          application/json: {"detail": {"msg": "<value>"}}
        "422":
          application/json: {}
  genUpscale:
    speakeasy-default-gen-upscale:
      requestBody:
        multipart/form-data: {"prompt": "<value>", "image": {}}
      responses:
        "200":
          application/json: {"images": []}
        "400":
          application/json: {"detail": {"msg": "<value>"}}
        "422":
          application/json: {}
  genAudioToText:
    speakeasy-default-gen-audio-to-text:
      requestBody:
        multipart/form-data: {"audio": {}}
      responses:
        "200":
          application/json: {"text": "<value>", "chunks": []}
        "400":
          application/json: {"detail": {"msg": "<value>"}}
        "422":
          application/json: {}
  genSegmentAnything2:
    speakeasy-default-gen-segment-anything2:
      requestBody:
        multipart/form-data: {"image": {}}
      responses:
        "200":
          application/json: {"masks": "<value>", "scores": "<value>", "logits": "<value>"}
        "400":
          application/json: {"detail": {"msg": "<value>"}}
        "422":
          application/json: {}
  genLLM:
    speakeasy-default-gen-LLM:
      requestBody:
        application/x-www-form-urlencoded: {"prompt": "<value>"}
        application/json: {"messages": []}
      responses:
        "200":
          application/json: {"response": "<value>", "tokens_used": 60712, "id": "<id>", "model": "Expedition", "created": 755586}
        "400":
          application/json: {"detail": {"msg": "<value>"}}
        "422":
          application/json: {}
  genImageToText:
    speakeasy-default-gen-image-to-text:
      requestBody:
        multipart/form-data: {"image": {}}
      responses:
        "200":
          application/json: {"text": "<value>"}
        "400":
          application/json: {"detail": {"msg": "<value>"}}
        "422":
          application/json: {}
  genLiveVideoToVideo:
    speakeasy-default-gen-live-video-to-video:
      requestBody:
        application/json: {"subscribe_url": "https://soulful-lava.org/", "publish_url": "https://vain-tabletop.biz"}
      responses:
        "200":
          application/json: {"subscribe_url": "https://vain-kiss.name", "publish_url": "https://frail-duffel.com"}
        "400":
          application/json: {"detail": {"msg": "<value>"}}
        "422":
          application/json: {}
  genTextToSpeech:
    speakeasy-default-gen-text-to-speech:
      responses:
        "200":
          application/json: {"audio": {"url": "https://accurate-parsnip.net/"}}
        "400":
          application/json: {"detail": {"msg": "<value>"}}
        "422":
          application/json: {}
generatedTests: {}
