speakeasyVersion: 1.762.0
sources:
    livepeer-ai-OAS:
        sourceNamespace: livepeer-ai-oas
        sourceRevisionDigest: sha256:15b7d77c46bd7e21150b2b318dc9fa86e302df4f6a24834b35fac8dd9b873eb8
        sourceBlobDigest: sha256:01b32122fd60a9810d8bf8393688776805c64d60b9ce41e7c486582834976ab9
        tags:
            - latest
            - 0.14.1
targets:
    livepeer-ai-ts:
        source: livepeer-ai-OAS
        sourceNamespace: livepeer-ai-oas
        sourceRevisionDigest: sha256:15b7d77c46bd7e21150b2b318dc9fa86e302df4f6a24834b35fac8dd9b873eb8
        sourceBlobDigest: sha256:01b32122fd60a9810d8bf8393688776805c64d60b9ce41e7c486582834976ab9
        codeSamplesNamespace: code-samples-typescript-livepeer-ts
        codeSamplesRevisionDigest: sha256:b4d86a2571a91ffbc1bcf9ba9037ff3dba6725f3e3d993a1b7b2ba153e4c3e36
workflow:
    workflowVersion: 1.0.0
    speakeasyVersion: latest
    sources:
        livepeer-ai-OAS:
            inputs:
                - location: https://raw.githubusercontent.com/livepeer/ai-worker/main/runner/gateway.openapi.yaml
            registry:
                location: registry.speakeasyapi.dev/livepeer/livepeer-ai/livepeer-ai-oas
    targets:
        livepeer-ai-ts:
            target: typescript
            source: livepeer-ai-OAS
            publish:
                npm:
                    token: $npm_token
            codeSamples:
                output: codeSamples.yaml
                registry:
                    location: registry.speakeasyapi.dev/livepeer/livepeer-ai/code-samples-typescript-livepeer-ts
