speakeasyVersion: 1.453.4
sources:
    livepeer-ai-OAS:
        sourceNamespace: livepeer-ai-oas
        sourceRevisionDigest: sha256:3dd2e34567343d2760c6253551cb36bd890b7ed4bc759697c5c2823b4e9b6941
        sourceBlobDigest: sha256:c3a0cfe237ff00e313037b1687431e57c8ab4a41836bd416df51623d7811bead
        tags:
            - latest
            - speakeasy-sdk-regen-1732060880
            - 0.0.0
targets:
    livepeer-ai-ts:
        source: livepeer-ai-OAS
        sourceNamespace: livepeer-ai-oas
        sourceRevisionDigest: sha256:3dd2e34567343d2760c6253551cb36bd890b7ed4bc759697c5c2823b4e9b6941
        sourceBlobDigest: sha256:c3a0cfe237ff00e313037b1687431e57c8ab4a41836bd416df51623d7811bead
        codeSamplesNamespace: code-samples-typescript-livepeer-ts
        codeSamplesRevisionDigest: sha256:fffa18b601308d985218e9d9ab3496858dbf4b9f02a5a79076103b524b1d7ea8
workflow:
    workflowVersion: 1.0.0
    speakeasyVersion: latest
    sources:
        livepeer-ai-OAS:
            inputs:
                - location: https://raw.githubusercontent.com/livepeer/ai-worker/main/runner/gateway.openapi.yaml
            registry:
                location: registry.speakeasyapi.dev/livepeer/livepeer-ai/livepeer-ai-oas
    targets:
        livepeer-ai-ts:
            target: typescript
            source: livepeer-ai-OAS
            publish:
                npm:
                    token: $npm_token
            codeSamples:
                output: codeSamples.yaml
                registry:
                    location: registry.speakeasyapi.dev/livepeer/livepeer-ai/code-samples-typescript-livepeer-ts
