speakeasyVersion: 1.382.0
sources:
    livepeer-ai-OAS:
        sourceNamespace: livepeer-ai-oas
        sourceRevisionDigest: sha256:d8fa8826df6c9c967d8821088dc6d16c876413565a486984e61488d0304594bb
        sourceBlobDigest: sha256:25056b91ebfc680137633064f5f3d767eb0bf6541a873d9e342013ed06a636ee
        tags:
            - latest
            - main
targets:
    livepeer-ai-ts:
        source: livepeer-ai-OAS
        sourceNamespace: livepeer-ai-oas
        sourceRevisionDigest: sha256:d8fa8826df6c9c967d8821088dc6d16c876413565a486984e61488d0304594bb
        sourceBlobDigest: sha256:25056b91ebfc680137633064f5f3d767eb0bf6541a873d9e342013ed06a636ee
        codeSamplesNamespace: code-samples-typescript-livepeer-ts
        codeSamplesRevisionDigest: sha256:c1ea3aee4543d250aa5e6dec8c6c01ecf6204110aed11c744fdcc68a7bf3b39b
        outLocation: /github/workspace/repo
workflow:
    workflowVersion: 1.0.0
    speakeasyVersion: latest
    sources:
        livepeer-ai-OAS:
            inputs:
                - location: https://raw.githubusercontent.com/livepeer/ai-worker/main/runner/gateway.openapi.yaml
            registry:
                location: registry.speakeasyapi.dev/livepeer-8mq/livepeer-ai/livepeer-ai-oas
    targets:
        livepeer-ai-ts:
            target: typescript
            source: livepeer-ai-OAS
            codeSamples:
                output: codeSamples.yaml
                registry:
                    location: registry.speakeasyapi.dev/livepeer-8mq/livepeer-ai/code-samples-typescript-livepeer-ts
